PODS:
  - lottie-ios (3.0.0)
  - LottieExtra (0.0.1):
    - lottie-ios

DEPENDENCIES:
  - LottieExtra (from `../`)

SPEC REPOS:
  https://github.com/cocoapods/specs.git:
    - lottie-ios

EXTERNAL SOURCES:
  LottieExtra:
    :path: "../"

SPEC CHECKSUMS:
  lottie-ios: e412502a03b3dfdaa3e18284194022065d82c820
  LottieExtra: 91c4e053cf20a03e8a9568baea04a07dc5917c6b

PODFILE CHECKSUM: 6b315aa970b73183cc3c8d7b2f258e3c82ae344c

COCOAPODS: 1.6.0
